
Microsoft Visual Studio Solution File, Format Version 12.00
# Visual Studio Version 16
VisualStudioVersion = 16.0.29503.13
MinimumVisualStudioVersion = 10.0.40219.1
Project("{8BC9CEB8-8B4A-11D0-8D11-00A0C91BC942}") = "Notepad++", "notepad-plus-plus\PowerEditor\visual.net\notepadPlus.vcxproj", "{FCF60E65-1B78-4D1D-AB59-4FC00AC8C248}"
EndProject
Project("{8BC9CEB8-8B4A-11D0-8D11-00A0C91BC942}") = "LinterPlugin", "LinterPlugin\LinterPlugin.vcxproj", "{15392927-615C-482E-94D2-BC012AAD37D6}"
EndProject
Global
	GlobalSection(SolutionConfigurationPlatforms) = preSolution
		Unicode_Debug|x64 = Unicode_Debug|x64
		Unicode_Debug|x86 = Unicode_Debug|x86
		Unicode_Release|x64 = Unicode_Release|x64
		Unicode_Release|x86 = Unicode_Release|x86
	EndGlobalSection
	GlobalSection(ProjectConfigurationPlatforms) = postSolution
		{FCF60E65-1B78-4D1D-AB59-4FC00AC8C248}.Unicode_Debug|x64.ActiveCfg = Unicode_Debug|x64
		{FCF60E65-1B78-4D1D-AB59-4FC00AC8C248}.Unicode_Debug|x64.Build.0 = Unicode_Debug|x64
		{FCF60E65-1B78-4D1D-AB59-4FC00AC8C248}.Unicode_Debug|x86.ActiveCfg = Unicode_Debug|Win32
		{FCF60E65-1B78-4D1D-AB59-4FC00AC8C248}.Unicode_Debug|x86.Build.0 = Unicode_Debug|Win32
		{FCF60E65-1B78-4D1D-AB59-4FC00AC8C248}.Unicode_Release|x64.ActiveCfg = Unicode_Release|x64
		{FCF60E65-1B78-4D1D-AB59-4FC00AC8C248}.Unicode_Release|x64.Build.0 = Unicode_Release|x64
		{FCF60E65-1B78-4D1D-AB59-4FC00AC8C248}.Unicode_Release|x86.ActiveCfg = Unicode_Release|Win32
		{FCF60E65-1B78-4D1D-AB59-4FC00AC8C248}.Unicode_Release|x86.Build.0 = Unicode_Release|Win32
		{15392927-615C-482E-94D2-BC012AAD37D6}.Unicode_Debug|x64.ActiveCfg = Unicode_Debug|x64
		{15392927-615C-482E-94D2-BC012AAD37D6}.Unicode_Debug|x64.Build.0 = Unicode_Debug|x64
		{15392927-615C-482E-94D2-BC012AAD37D6}.Unicode_Debug|x86.ActiveCfg = Unicode_Debug|Win32
		{15392927-615C-482E-94D2-BC012AAD37D6}.Unicode_Debug|x86.Build.0 = Unicode_Debug|Win32
		{15392927-615C-482E-94D2-BC012AAD37D6}.Unicode_Release|x64.ActiveCfg = Unicode_Release|x64
		{15392927-615C-482E-94D2-BC012AAD37D6}.Unicode_Release|x64.Build.0 = Unicode_Release|x64
		{15392927-615C-482E-94D2-BC012AAD37D6}.Unicode_Release|x86.ActiveCfg = Unicode_Release|Win32
		{15392927-615C-482E-94D2-BC012AAD37D6}.Unicode_Release|x86.Build.0 = Unicode_Release|Win32
	EndGlobalSection
	GlobalSection(SolutionProperties) = preSolution
		HideSolutionNode = FALSE
	EndGlobalSection
	GlobalSection(ExtensibilityGlobals) = postSolution
		SolutionGuid = {6D5E91C8-06FC-496E-BBFE-08BD049BEE55}
	EndGlobalSection
EndGlobal
